
Microsoft Visual Studio Solution File, Format Version 12.00
# Visual Studio Version 17
VisualStudioVersion = 17.5.33209.295
MinimumVisualStudioVersion = 10.0.40219.1
Project("{9A19103F-16F7-4668-BE54-9A1E7A4F7556}") = "EFTTools.Common", "EFTTools.Common\EFTTools.Common.csproj", "{5FB04C25-238C-421A-88A6-78095EC19C28}"
EndProject
Project("{9A19103F-16F7-4668-BE54-9A1E7A4F7556}") = "EFTTools.ConsoleApp", "EFTTools.ConsoleApp\EFTTools.ConsoleApp.csproj", "{CE97C7D9-AEAD-4B03-B003-EB933876498C}"
EndProject
Project("{9A19103F-16F7-4668-BE54-9A1E7A4F7556}") = "EFTTools.UI", "EFTTools.UI\EFTTools.UI.csproj", "{E361A023-7ACF-41A0-97FF-77D7F830D6C6}"
EndProject
Project("{FAE04EC0-301F-11D3-BF4B-00C04F79EFBC}") = "EFTTools.MyItems", "EFTTools.MyItems\EFTTools.MyItems.csproj", "{AAE4AA32-E855-4DEE-B8EA-04B4029C6A9D}"
EndProject
Global
	GlobalSection(SolutionConfigurationPlatforms) = preSolution
		Debug|Any CPU = Debug|Any CPU
		Release|Any CPU = Release|Any CPU
	EndGlobalSection
	GlobalSection(ProjectConfigurationPlatforms) = postSolution
		{5FB04C25-238C-421A-88A6-78095EC19C28}.Debug|Any CPU.ActiveCfg = Debug|Any CPU
		{5FB04C25-238C-421A-88A6-78095EC19C28}.Debug|Any CPU.Build.0 = Debug|Any CPU
		{5FB04C25-238C-421A-88A6-78095EC19C28}.Release|Any CPU.ActiveCfg = Release|Any CPU
		{5FB04C25-238C-421A-88A6-78095EC19C28}.Release|Any CPU.Build.0 = Release|Any CPU
		{CE97C7D9-AEAD-4B03-B003-EB933876498C}.Debug|Any CPU.ActiveCfg = Debug|Any CPU
		{CE97C7D9-AEAD-4B03-B003-EB933876498C}.Debug|Any CPU.Build.0 = Debug|Any CPU
		{CE97C7D9-AEAD-4B03-B003-EB933876498C}.Release|Any CPU.ActiveCfg = Release|Any CPU
		{CE97C7D9-AEAD-4B03-B003-EB933876498C}.Release|Any CPU.Build.0 = Release|Any CPU
		{E361A023-7ACF-41A0-97FF-77D7F830D6C6}.Debug|Any CPU.ActiveCfg = Debug|Any CPU
		{E361A023-7ACF-41A0-97FF-77D7F830D6C6}.Debug|Any CPU.Build.0 = Debug|Any CPU
		{E361A023-7ACF-41A0-97FF-77D7F830D6C6}.Release|Any CPU.ActiveCfg = Release|Any CPU
		{E361A023-7ACF-41A0-97FF-77D7F830D6C6}.Release|Any CPU.Build.0 = Release|Any CPU
		{AAE4AA32-E855-4DEE-B8EA-04B4029C6A9D}.Debug|Any CPU.ActiveCfg = Debug|Any CPU
		{AAE4AA32-E855-4DEE-B8EA-04B4029C6A9D}.Debug|Any CPU.Build.0 = Debug|Any CPU
		{AAE4AA32-E855-4DEE-B8EA-04B4029C6A9D}.Release|Any CPU.ActiveCfg = Release|Any CPU
		{AAE4AA32-E855-4DEE-B8EA-04B4029C6A9D}.Release|Any CPU.Build.0 = Release|Any CPU
	EndGlobalSection
	GlobalSection(SolutionProperties) = preSolution
		HideSolutionNode = FALSE
	EndGlobalSection
	GlobalSection(ExtensibilityGlobals) = postSolution
		SolutionGuid = {9349FE85-DC1A-40BC-8491-2AC21B68D0C4}
	EndGlobalSection
EndGlobal
